
Microsoft Visual Studio Solution File, Format Version 12.00
# Visual Studio Version 18
VisualStudioVersion = 18.0.11201.2
MinimumVisualStudioVersion = 10.0.40219.1
Project("{FAE04EC0-301F-11D3-BF4B-00C04F79EFBC}") = "ToDoApp", "ToDoApp\ToDoApp.csproj", "{D974BA18-C195-4CAD-AC92-B3DEF3FB59B8}"
EndProject
Project("{FAE04EC0-301F-11D3-BF4B-00C04F79EFBC}") = "ToDoAppTests", "ToDoAppTests\ToDoAppTests.csproj", "{7344BA9D-52B2-411B-9067-8C28686C5891}"
EndProject
Global
	GlobalSection(SolutionConfigurationPlatforms) = preSolution
		Debug|Any CPU = Debug|Any CPU
		Release|Any CPU = Release|Any CPU
	EndGlobalSection
	GlobalSection(ProjectConfigurationPlatforms) = postSolution
		{D974BA18-C195-4CAD-AC92-B3DEF3FB59B8}.Debug|Any CPU.ActiveCfg = Debug|Any CPU
		{D974BA18-C195-4CAD-AC92-B3DEF3FB59B8}.Debug|Any CPU.Build.0 = Debug|Any CPU
		{D974BA18-C195-4CAD-AC92-B3DEF3FB59B8}.Release|Any CPU.ActiveCfg = Release|Any CPU
		{D974BA18-C195-4CAD-AC92-B3DEF3FB59B8}.Release|Any CPU.Build.0 = Release|Any CPU
		{7344BA9D-52B2-411B-9067-8C28686C5891}.Debug|Any CPU.ActiveCfg = Debug|Any CPU
		{7344BA9D-52B2-411B-9067-8C28686C5891}.Debug|Any CPU.Build.0 = Debug|Any CPU
		{7344BA9D-52B2-411B-9067-8C28686C5891}.Release|Any CPU.ActiveCfg = Release|Any CPU
		{7344BA9D-52B2-411B-9067-8C28686C5891}.Release|Any CPU.Build.0 = Release|Any CPU
	EndGlobalSection
	GlobalSection(SolutionProperties) = preSolution
		HideSolutionNode = FALSE
	EndGlobalSection
	GlobalSection(ExtensibilityGlobals) = postSolution
		SolutionGuid = {F84564BE-81D2-4A68-A152-0C2C195F56EE}
	EndGlobalSection
EndGlobal
